
Microsoft Visual Studio Solution File, Format Version 12.00
# Visual Studio Version 17
VisualStudioVersion = 17.0.32014.148
MinimumVisualStudioVersion = 10.0.40219.1
Project("{8BC9CEB8-8B4A-11D0-8D11-00A0C91BC942}") = "Currency", "Currency.vcxproj", "{B44947B3-E830-405B-9CE3-A3911C20566A}"
EndProject
Global
	GlobalSection(SolutionConfigurationPlatforms) = preSolution
		Debug|x64 = Debug|x64
		Debug|x86 = Debug|x86
		Release|x64 = Release|x64
		Release|x86 = Release|x86
	EndGlobalSection
	GlobalSection(ProjectConfigurationPlatforms) = postSolution
		{B44947B3-E830-405B-9CE3-A3911C20566A}.Debug|x64.ActiveCfg = Debug|x64
		{B44947B3-E830-405B-9CE3-A3911C20566A}.Debug|x64.Build.0 = Debug|x64
		{B44947B3-E830-405B-9CE3-A3911C20566A}.Debug|x86.ActiveCfg = Debug|Win32
		{B44947B3-E830-405B-9CE3-A3911C20566A}.Debug|x86.Build.0 = Debug|Win32
		{B44947B3-E830-405B-9CE3-A3911C20566A}.Release|x64.ActiveCfg = Release|x64
		{B44947B3-E830-405B-9CE3-A3911C20566A}.Release|x64.Build.0 = Release|x64
		{B44947B3-E830-405B-9CE3-A3911C20566A}.Release|x86.ActiveCfg = Release|Win32
		{B44947B3-E830-405B-9CE3-A3911C20566A}.Release|x86.Build.0 = Release|Win32
	EndGlobalSection
	GlobalSection(SolutionProperties) = preSolution
		HideSolutionNode = FALSE
	EndGlobalSection
	GlobalSection(ExtensibilityGlobals) = postSolution
		SolutionGuid = {0A0E3BC9-9DBC-4632-9892-3586A809D087}
	EndGlobalSection
EndGlobal
